
Microsoft Visual Studio Solution File, Format Version 12.00
# Visual Studio 15
VisualStudioVersion = 15.0.26124.0
MinimumVisualStudioVersion = 15.0.26124.0
Project("{FAE04EC0-301F-11D3-BF4B-00C04F79EFBC}") = "Paragonr.Entities", "Paragonr.Entities\Paragonr.Entities.csproj", "{A8B541C5-23D8-483C-8405-17E48A7ED3CF}"
EndProject
Project("{FAE04EC0-301F-11D3-BF4B-00C04F79EFBC}") = "Paragonr.WebApi", "Paragonr.WebApi\Paragonr.WebApi.csproj", "{9FB31AAC-9A69-4912-BE17-16395BD08ABC}"
EndProject
Global
	GlobalSection(SolutionConfigurationPlatforms) = preSolution
		Debug|Any CPU = Debug|Any CPU
		Release|Any CPU = Release|Any CPU
	EndGlobalSection
	GlobalSection(SolutionProperties) = preSolution
		HideSolutionNode = FALSE
	EndGlobalSection
	GlobalSection(ProjectConfigurationPlatforms) = postSolution
		{A8B541C5-23D8-483C-8405-17E48A7ED3CF}.Debug|Any CPU.ActiveCfg = Debug|Any CPU
		{A8B541C5-23D8-483C-8405-17E48A7ED3CF}.Debug|Any CPU.Build.0 = Debug|Any CPU
		{A8B541C5-23D8-483C-8405-17E48A7ED3CF}.Release|Any CPU.ActiveCfg = Release|Any CPU
		{A8B541C5-23D8-483C-8405-17E48A7ED3CF}.Release|Any CPU.Build.0 = Release|Any CPU
		{9FB31AAC-9A69-4912-BE17-16395BD08ABC}.Debug|Any CPU.ActiveCfg = Debug|Any CPU
		{9FB31AAC-9A69-4912-BE17-16395BD08ABC}.Debug|Any CPU.Build.0 = Debug|Any CPU
		{9FB31AAC-9A69-4912-BE17-16395BD08ABC}.Release|Any CPU.ActiveCfg = Release|Any CPU
		{9FB31AAC-9A69-4912-BE17-16395BD08ABC}.Release|Any CPU.Build.0 = Release|Any CPU
	EndGlobalSection
EndGlobal
