
Microsoft Visual Studio Solution File, Format Version 12.00
# Visual Studio Version 16
VisualStudioVersion = 16.0.28729.10
MinimumVisualStudioVersion = 15.0.26124.0
Project("{9A19103F-16F7-4668-BE54-9A1E7A4F7556}") = "Paragonr.Entities", "Paragonr.Entities\Paragonr.Entities.csproj", "{A8B541C5-23D8-483C-8405-17E48A7ED3CF}"
EndProject
Project("{9A19103F-16F7-4668-BE54-9A1E7A4F7556}") = "Paragonr.WebApi", "Paragonr.WebApi\Paragonr.WebApi.csproj", "{9FB31AAC-9A69-4912-BE17-16395BD08ABC}"
EndProject
Project("{9A19103F-16F7-4668-BE54-9A1E7A4F7556}") = "Paragonr.Persistence", "Paragonr.Persistence\Paragonr.Persistence.csproj", "{89FB6BD2-A337-42BD-B4B0-D2897AF13074}"
EndProject
Project("{9A19103F-16F7-4668-BE54-9A1E7A4F7556}") = "Paragonr.Application", "Paragonr.Application\Paragonr.Application.csproj", "{186B6277-BEDC-4395-8202-F86955351607}"
EndProject
Project("{FAE04EC0-301F-11D3-BF4B-00C04F79EFBC}") = "Paragonr.Tools.EntityFramework", "Paragonr.Tools.EntityFramework\Paragonr.Tools.EntityFramework.csproj", "{394A38F6-2043-41A9-8B89-60F672894B1F}"
EndProject
Project("{FAE04EC0-301F-11D3-BF4B-00C04F79EFBC}") = "Paragonr.Shared", "Paragonr.Shared\Paragonr.Shared.csproj", "{E0B06149-3F3B-4784-AAC3-0C570590FAE6}"
EndProject
Global
	GlobalSection(SolutionConfigurationPlatforms) = preSolution
		Debug|Any CPU = Debug|Any CPU
		Release|Any CPU = Release|Any CPU
	EndGlobalSection
	GlobalSection(ProjectConfigurationPlatforms) = postSolution
		{A8B541C5-23D8-483C-8405-17E48A7ED3CF}.Debug|Any CPU.ActiveCfg = Debug|Any CPU
		{A8B541C5-23D8-483C-8405-17E48A7ED3CF}.Debug|Any CPU.Build.0 = Debug|Any CPU
		{A8B541C5-23D8-483C-8405-17E48A7ED3CF}.Release|Any CPU.ActiveCfg = Release|Any CPU
		{A8B541C5-23D8-483C-8405-17E48A7ED3CF}.Release|Any CPU.Build.0 = Release|Any CPU
		{9FB31AAC-9A69-4912-BE17-16395BD08ABC}.Debug|Any CPU.ActiveCfg = Debug|Any CPU
		{9FB31AAC-9A69-4912-BE17-16395BD08ABC}.Debug|Any CPU.Build.0 = Debug|Any CPU
		{9FB31AAC-9A69-4912-BE17-16395BD08ABC}.Release|Any CPU.ActiveCfg = Release|Any CPU
		{9FB31AAC-9A69-4912-BE17-16395BD08ABC}.Release|Any CPU.Build.0 = Release|Any CPU
		{89FB6BD2-A337-42BD-B4B0-D2897AF13074}.Debug|Any CPU.ActiveCfg = Debug|Any CPU
		{89FB6BD2-A337-42BD-B4B0-D2897AF13074}.Debug|Any CPU.Build.0 = Debug|Any CPU
		{89FB6BD2-A337-42BD-B4B0-D2897AF13074}.Release|Any CPU.ActiveCfg = Release|Any CPU
		{89FB6BD2-A337-42BD-B4B0-D2897AF13074}.Release|Any CPU.Build.0 = Release|Any CPU
		{186B6277-BEDC-4395-8202-F86955351607}.Debug|Any CPU.ActiveCfg = Debug|Any CPU
		{186B6277-BEDC-4395-8202-F86955351607}.Debug|Any CPU.Build.0 = Debug|Any CPU
		{186B6277-BEDC-4395-8202-F86955351607}.Release|Any CPU.ActiveCfg = Release|Any CPU
		{186B6277-BEDC-4395-8202-F86955351607}.Release|Any CPU.Build.0 = Release|Any CPU
		{394A38F6-2043-41A9-8B89-60F672894B1F}.Debug|Any CPU.ActiveCfg = Debug|Any CPU
		{394A38F6-2043-41A9-8B89-60F672894B1F}.Debug|Any CPU.Build.0 = Debug|Any CPU
		{394A38F6-2043-41A9-8B89-60F672894B1F}.Release|Any CPU.ActiveCfg = Release|Any CPU
		{394A38F6-2043-41A9-8B89-60F672894B1F}.Release|Any CPU.Build.0 = Release|Any CPU
		{E0B06149-3F3B-4784-AAC3-0C570590FAE6}.Debug|Any CPU.ActiveCfg = Debug|Any CPU
		{E0B06149-3F3B-4784-AAC3-0C570590FAE6}.Debug|Any CPU.Build.0 = Debug|Any CPU
		{E0B06149-3F3B-4784-AAC3-0C570590FAE6}.Release|Any CPU.ActiveCfg = Release|Any CPU
		{E0B06149-3F3B-4784-AAC3-0C570590FAE6}.Release|Any CPU.Build.0 = Release|Any CPU
	EndGlobalSection
	GlobalSection(SolutionProperties) = preSolution
		HideSolutionNode = FALSE
	EndGlobalSection
	GlobalSection(ExtensibilityGlobals) = postSolution
		SolutionGuid = {D89E1E74-ECC3-430D-A9BD-C0F2DB849D7F}
	EndGlobalSection
EndGlobal
